<?xml version="1.0" encoding="UTF-8"?>
<Scheme
   version = "1.3">
   <BuildAction>
      <BuildActionEntries>
         <BuildActionEntry
            buildForRunning = "YES">
            <BuildableReference
               BuildableIdentifier = "primary"
               BlueprintIdentifier = "97093D371C913506001275BC"
               BuildableName = "TrueFalseStarter.app"
               BlueprintName = "TrueFalseStarter"
               ReferencedContainer = "container:TrueFalseStarter.xcodeproj">
            </BuildableReference>
         </BuildActionEntry>
      </BuildActionEntries>
   </BuildAction>
   <LaunchAction
      useCustomWorkingDirectory = "NO"
      buildConfiguration = "Debug">
      <BuildableProductRunnable>
         <BuildableReference
            BuildableIdentifier = "primary"
            BlueprintIdentifier = "97093D371C913506001275BC"
            BuildableName = "TrueFalseStarter.app"
            BlueprintName = "TrueFalseStarter"
            ReferencedContainer = "container:TrueFalseStarter.xcodeproj">
         </BuildableReference>
      </BuildableProductRunnable>
   </LaunchAction>
</Scheme>
